
Microsoft Visual Studio Solution File, Format Version 12.00
# Visual Studio Version 16
VisualStudioVersion = 16.0.31313.79
MinimumVisualStudioVersion = 10.0.40219.1
Project("{FAE04EC0-301F-11D3-BF4B-00C04F79EFBC}") = "CorePRactice1", "CorePRactice1\CorePRactice1.csproj", "{D02D1443-DE7B-45B9-BCB6-4038022691DD}"
EndProject
Global
	GlobalSection(SolutionConfigurationPlatforms) = preSolution
		Debug|Any CPU = Debug|Any CPU
		Release|Any CPU = Release|Any CPU
	EndGlobalSection
	GlobalSection(ProjectConfigurationPlatforms) = postSolution
		{D02D1443-DE7B-45B9-BCB6-4038022691DD}.Debug|Any CPU.ActiveCfg = Debug|Any CPU
		{D02D1443-DE7B-45B9-BCB6-4038022691DD}.Debug|Any CPU.Build.0 = Debug|Any CPU
		{D02D1443-DE7B-45B9-BCB6-4038022691DD}.Release|Any CPU.ActiveCfg = Release|Any CPU
		{D02D1443-DE7B-45B9-BCB6-4038022691DD}.Release|Any CPU.Build.0 = Release|Any CPU
	EndGlobalSection
	GlobalSection(SolutionProperties) = preSolution
		HideSolutionNode = FALSE
	EndGlobalSection
	GlobalSection(ExtensibilityGlobals) = postSolution
		SolutionGuid = {383A8D6B-AD0A-49DC-9167-D92376E424DD}
	EndGlobalSection
EndGlobal
